
Microsoft Visual Studio Solution File, Format Version 12.00
# Visual Studio 15
VisualStudioVersion = 15.0.27428.2043
MinimumVisualStudioVersion = 10.0.40219.1
Project("{FAE04EC0-301F-11D3-BF4B-00C04F79EFBC}") = "AncMvca", "AncMvca\AncMvca.csproj", "{F717C1EB-8AF2-4BAD-958F-4CC1E1341084}"
EndProject
Global
	GlobalSection(SolutionConfigurationPlatforms) = preSolution
		Debug|Any CPU = Debug|Any CPU
		Release|Any CPU = Release|Any CPU
	EndGlobalSection
	GlobalSection(ProjectConfigurationPlatforms) = postSolution
		{F717C1EB-8AF2-4BAD-958F-4CC1E1341084}.Debug|Any CPU.ActiveCfg = Debug|Any CPU
		{F717C1EB-8AF2-4BAD-958F-4CC1E1341084}.Debug|Any CPU.Build.0 = Debug|Any CPU
		{F717C1EB-8AF2-4BAD-958F-4CC1E1341084}.Release|Any CPU.ActiveCfg = Release|Any CPU
		{F717C1EB-8AF2-4BAD-958F-4CC1E1341084}.Release|Any CPU.Build.0 = Release|Any CPU
	EndGlobalSection
	GlobalSection(SolutionProperties) = preSolution
		HideSolutionNode = FALSE
	EndGlobalSection
	GlobalSection(ExtensibilityGlobals) = postSolution
		SolutionGuid = {00BC7DCD-8422-4D77-9A91-47F56204C6D4}
	EndGlobalSection
EndGlobal
